
Microsoft Visual Studio Solution File, Format Version 11.00
# Visual Studio 2010
Project("{FAE04EC0-301F-11D3-BF4B-00C04F79EFBC}") = "SampleAspMvc3NestedLayoutSectionIssue", "SampleAspMvc3NestedLayoutSectionIssue\SampleAspMvc3NestedLayoutSectionIssue.csproj", "{788AA51D-5BB2-4C49-A556-9296AC34F113}"
EndProject
Global
	GlobalSection(SolutionConfigurationPlatforms) = preSolution
		Debug|Any CPU = Debug|Any CPU
		Release|Any CPU = Release|Any CPU
	EndGlobalSection
	GlobalSection(ProjectConfigurationPlatforms) = postSolution
		{788AA51D-5BB2-4C49-A556-9296AC34F113}.Debug|Any CPU.ActiveCfg = Debug|Any CPU
		{788AA51D-5BB2-4C49-A556-9296AC34F113}.Debug|Any CPU.Build.0 = Debug|Any CPU
		{788AA51D-5BB2-4C49-A556-9296AC34F113}.Release|Any CPU.ActiveCfg = Release|Any CPU
		{788AA51D-5BB2-4C49-A556-9296AC34F113}.Release|Any CPU.Build.0 = Release|Any CPU
	EndGlobalSection
	GlobalSection(SolutionProperties) = preSolution
		HideSolutionNode = FALSE
	EndGlobalSection
EndGlobal
